
Microsoft Visual Studio Solution File, Format Version 12.00
# Visual Studio Version 17
VisualStudioVersion = 17.6.33815.320
MinimumVisualStudioVersion = 10.0.40219.1
Project("{FAE04EC0-301F-11D3-BF4B-00C04F79EFBC}") = "Calculator", "Calculator.csproj", "{CBA380F3-E96C-4E38-8DD2-ABB45B922E84}"
EndProject
Global
	GlobalSection(SolutionConfigurationPlatforms) = preSolution
		Debug|Any CPU = Debug|Any CPU
		Release|Any CPU = Release|Any CPU
	EndGlobalSection
	GlobalSection(ProjectConfigurationPlatforms) = postSolution
		{CBA380F3-E96C-4E38-8DD2-ABB45B922E84}.Debug|Any CPU.ActiveCfg = Debug|Any CPU
		{CBA380F3-E96C-4E38-8DD2-ABB45B922E84}.Debug|Any CPU.Build.0 = Debug|Any CPU
		{CBA380F3-E96C-4E38-8DD2-ABB45B922E84}.Release|Any CPU.ActiveCfg = Release|Any CPU
		{CBA380F3-E96C-4E38-8DD2-ABB45B922E84}.Release|Any CPU.Build.0 = Release|Any CPU
	EndGlobalSection
	GlobalSection(SolutionProperties) = preSolution
		HideSolutionNode = FALSE
	EndGlobalSection
	GlobalSection(ExtensibilityGlobals) = postSolution
		SolutionGuid = {9B5194CC-5CE3-47A5-8E0B-B842B7E8316E}
	EndGlobalSection
EndGlobal
